dependencies:
  espressif/qrcode:
    component_hash: 3b493771bc5d6ad30cbf87c25bf784aada8a08c941504355b55d6b75518ed7bc
    dependencies: []
    source:
      registry_url: https://components.espressif.com/
      type: service
    version: 0.1.0~2
  idf:
    source:
      type: idf
    version: 5.5.1
direct_dependencies:
- espressif/qrcode
manifest_hash: 6406e166a0813cc64e4ae82069afbcd47bc3032b0841bb38d2766d1fc19cd3ed
target: esp32c3
version: 2.0.0
